{
  "name": "database",
  "version": "1.0.0",
  "lockfileVersion": 3,
  "requires": true,
  "packages": {
    "": {
      "name": "database",
      "version": "1.0.0",
      "license": "ISC",
      "dependencies": {
        "@prisma/client": "5.2.0",
        "prisma": "^5.2.0"
      },
      "devDependencies": {
        "@types/node": "^20.5.6",
        "typescript": "^5.2.2"
      }
    },
    "node_modules/@prisma/client": {
      "version": "5.2.0",
      "resolved": "https://registry.npmjs.org/@prisma/client/-/client-5.2.0.tgz",
      "integrity": "sha512-AiTjJwR4J5Rh6Z/9ZKrBBLel3/5DzUNntMohOy7yObVnVoTNVFi2kvpLZlFuKO50d7yDspOtW6XBpiAd0BVXbQ==",
      "hasInstallScript": true,
      "dependencies": {
        "@prisma/engines-version": "5.2.0-25.2804dc98259d2ea960602aca6b8e7fdc03c1758f"
      },
      "engines": {
        "node": ">=16.13"
      },
      "peerDependencies": {
        "prisma": "*"
      },
      "peerDependenciesMeta": {
        "prisma": {
          "optional": true
        }
      }
    },
    "node_modules/@prisma/debug": {
      "version": "5.16.2",
      "resolved": "https://registry.npmjs.org/@prisma/debug/-/debug-5.16.2.tgz",
      "integrity": "sha512-ItzB4nR4O8eLzuJiuP3WwUJfoIvewMHqpGCad+64gvThcKEVOtaUza9AEJo2DPqAOa/AWkFyK54oM4WwHeew+A=="
    },
    "node_modules/@prisma/engines": {
      "version": "5.16.2",
      "resolved": "https://registry.npmjs.org/@prisma/engines/-/engines-5.16.2.tgz",
      "integrity": "sha512-qUxwMtrwoG3byd4PbX6T7EjHJ8AUhzTuwniOGkh/hIznBfcE2QQnGakyEq4VnwNuttMqvh/GgPFapHQ3lCuRHg==",
      "hasInstallScript": true,
      "dependencies": {
        "@prisma/debug": "5.16.2",
        "@prisma/engines-version": "5.16.0-24.34ace0eb2704183d2c05b60b52fba5c43c13f303",
        "@prisma/fetch-engine": "5.16.2",
        "@prisma/get-platform": "5.16.2"
      }
    },
    "node_modules/@prisma/engines-version": {
      "version": "5.2.0-25.2804dc98259d2ea960602aca6b8e7fdc03c1758f",
      "resolved": "https://registry.npmjs.org/@prisma/engines-version/-/engines-version-5.2.0-25.2804dc98259d2ea960602aca6b8e7fdc03c1758f.tgz",
      "integrity": "sha512-jsnKT5JIDIE01lAeCj2ghY9IwxkedhKNvxQeoyLs6dr4ZXynetD0vTy7u6wMJt8vVPv8I5DPy/I4CFaoXAgbtg=="
    },
    "node_modules/@prisma/engines/node_modules/@prisma/engines-version": {
      "version": "5.16.0-24.34ace0eb2704183d2c05b60b52fba5c43c13f303",
      "resolved": "https://registry.npmjs.org/@prisma/engines-version/-/engines-version-5.16.0-24.34ace0eb2704183d2c05b60b52fba5c43c13f303.tgz",
      "integrity": "sha512-HkT2WbfmFZ9WUPyuJHhkiADxazHg8Y4gByrTSVeb3OikP6tjQ7txtSUGu9OBOBH0C13dPKN2qqH12xKtHu/Hiw=="
    },
    "node_modules/@prisma/fetch-engine": {
      "version": "5.16.2",
      "resolved": "https://registry.npmjs.org/@prisma/fetch-engine/-/fetch-engine-5.16.2.tgz",
      "integrity": "sha512-sq51lfHKfH2jjYSjBtMjP+AznFqOJzXpqmq6B9auWrlTJrMgZ7lPyhWUW7VU7LsQU48/TJ+DZeIz8s9bMYvcHg==",
      "dependencies": {
        "@prisma/debug": "5.16.2",
        "@prisma/engines-version": "5.16.0-24.34ace0eb2704183d2c05b60b52fba5c43c13f303",
        "@prisma/get-platform": "5.16.2"
      }
    },
    "node_modules/@prisma/fetch-engine/node_modules/@prisma/engines-version": {
      "version": "5.16.0-24.34ace0eb2704183d2c05b60b52fba5c43c13f303",
      "resolved": "https://registry.npmjs.org/@prisma/engines-version/-/engines-version-5.16.0-24.34ace0eb2704183d2c05b60b52fba5c43c13f303.tgz",
      "integrity": "sha512-HkT2WbfmFZ9WUPyuJHhkiADxazHg8Y4gByrTSVeb3OikP6tjQ7txtSUGu9OBOBH0C13dPKN2qqH12xKtHu/Hiw=="
    },
    "node_modules/@prisma/get-platform": {
      "version": "5.16.2",
      "resolved": "https://registry.npmjs.org/@prisma/get-platform/-/get-platform-5.16.2.tgz",
      "integrity": "sha512-cXiHPgNLNyj22vLouPVNegklpRL/iX2jxTeap5GRO3DmCoVyIHmJAV1CgUMUJhHlcol9yYy7EHvsnXTDJ/PKEA==",
      "dependencies": {
        "@prisma/debug": "5.16.2"
      }
    },
    "node_modules/@types/node": {
      "version": "20.14.10",
      "resolved": "https://registry.npmjs.org/@types/node/-/node-20.14.10.tgz",
      "integrity": "sha512-MdiXf+nDuMvY0gJKxyfZ7/6UFsETO7mGKF54MVD/ekJS6HdFtpZFBgrh6Pseu64XTb2MLyFPlbW6hj8HYRQNOQ==",
      "dev": true,
      "dependencies": {
        "undici-types": "~5.26.4"
      }
    },
    "node_modules/prisma": {
      "version": "5.16.2",
      "resolved": "https://registry.npmjs.org/prisma/-/prisma-5.16.2.tgz",
      "integrity": "sha512-rFV/xoBR2hBGGlu4LPLQd4U8WVA+tSAmYyFWGPRVfj+xg7N4kiZV4lSk38htSpF+/IuHKzlrbh4SFk8Z18cI8A==",
      "hasInstallScript": true,
      "dependencies": {
        "@prisma/engines": "5.16.2"
      },
      "bin": {
        "prisma": "build/index.js"
      },
      "engines": {
        "node": ">=16.13"
      }
    },
    "node_modules/typescript": {
      "version": "5.5.3",
      "resolved": "https://registry.npmjs.org/typescript/-/typescript-5.5.3.tgz",
      "integrity": "sha512-/hreyEujaB0w76zKo6717l3L0o/qEUtRgdvUBvlkhoWeOVMjMuHNHk0BRBzikzuGDqNmPQbg5ifMEqsHLiIUcQ==",
      "dev": true,
      "bin": {
        "tsc": "bin/tsc",
        "tsserver": "bin/tsserver"
      },
      "engines": {
        "node": ">=14.17"
      }
    },
    "node_modules/undici-types": {
      "version": "5.26.5",
      "resolved": "https://registry.npmjs.org/undici-types/-/undici-types-5.26.5.tgz",
      "integrity": "sha512-JlCMO+ehdEIKqlFxk6IfVoAUVmgz7cU7zD/h9XZ0qzeosSHmUJVOzSQvvYSYWXkFXC+IfLKSIffhv0sVZup6pA==",
      "dev": true
    }
  }
}
